
Microsoft Visual Studio Solution File, Format Version 12.00
# Visual Studio Version 16
VisualStudioVersion = 16.0.29201.188
MinimumVisualStudioVersion = 10.0.40219.1
Project("{9A19103F-16F7-4668-BE54-9A1E7A4F7556}") = "BancoTalentos.CandidatoService", "BancoTalentos.CandidatoService\BancoTalentos.CandidatoService\BancoTalentos.CandidatoService.csproj", "{80A7D487-CE7C-4A35-8A20-32EFF3225690}"
EndProject
Project("{FAE04EC0-301F-11D3-BF4B-00C04F79EFBC}") = "BancoTalentos.Tests", "BancoTalentos.Tests\BancoTalentos.Tests\BancoTalentos.Tests.csproj", "{ADDD53F7-24E3-490A-BC17-6EC9670DA103}"
EndProject
Global
	GlobalSection(SolutionConfigurationPlatforms) = preSolution
		Debug|Any CPU = Debug|Any CPU
		Release|Any CPU = Release|Any CPU
	EndGlobalSection
	GlobalSection(ProjectConfigurationPlatforms) = postSolution
		{80A7D487-CE7C-4A35-8A20-32EFF3225690}.Debug|Any CPU.ActiveCfg = Debug|Any CPU
		{80A7D487-CE7C-4A35-8A20-32EFF3225690}.Debug|Any CPU.Build.0 = Debug|Any CPU
		{80A7D487-CE7C-4A35-8A20-32EFF3225690}.Release|Any CPU.ActiveCfg = Release|Any CPU
		{80A7D487-CE7C-4A35-8A20-32EFF3225690}.Release|Any CPU.Build.0 = Release|Any CPU
		{ADDD53F7-24E3-490A-BC17-6EC9670DA103}.Debug|Any CPU.ActiveCfg = Debug|Any CPU
		{ADDD53F7-24E3-490A-BC17-6EC9670DA103}.Debug|Any CPU.Build.0 = Debug|Any CPU
		{ADDD53F7-24E3-490A-BC17-6EC9670DA103}.Release|Any CPU.ActiveCfg = Release|Any CPU
		{ADDD53F7-24E3-490A-BC17-6EC9670DA103}.Release|Any CPU.Build.0 = Release|Any CPU
	EndGlobalSection
	GlobalSection(SolutionProperties) = preSolution
		HideSolutionNode = FALSE
	EndGlobalSection
	GlobalSection(ExtensibilityGlobals) = postSolution
		SolutionGuid = {58C4D758-17C7-4F24-B3D5-396FED6FB00E}
	EndGlobalSection
EndGlobal
